{
  "requires": true,
  "lockfileVersion": 1,
  "dependencies": {
    "helpers.js": {
      "version": "1.0.0",
      "resolved": "https://registry.npmjs.org/helpers.js/-/helpers.js-1.0.0.tgz",
      "integrity": "sha1-rci87wXoWbo3XnyRoiyCrR/IuPY="
    },
    "loader.js": {
      "version": "4.7.0",
      "resolved": "https://registry.npmjs.org/loader.js/-/loader.js-4.7.0.tgz",
      "integrity": "sha512-9M2KvGT6duzGMgkOcTkWb+PR/Q2Oe54df/tLgHGVmFpAmtqJ553xJh6N63iFYI2yjo2PeJXbS5skHi/QpJq4vA=="
    },
    "manager": {
      "version": "1.0.9",
      "resolved": "https://registry.npmjs.org/manager/-/manager-1.0.9.tgz",
      "integrity": "sha1-H9DBhHQwIs4k0tovhHmmccdbUnQ=",
      "requires": {
        "uglify-js": "1.2.x",
        "uglifycss": "0.0.x"
      }
    },
    "store.js": {
      "version": "1.0.4",
      "resolved": "https://registry.npmjs.org/store.js/-/store.js-1.0.4.tgz",
      "integrity": "sha1-vmne8H2Y4blL5Bc38H+xNfsG+C8="
    },
    "uglify-js": {
      "version": "1.2.6",
      "resolved": "https://registry.npmjs.org/uglify-js/-/uglify-js-1.2.6.tgz",
      "integrity": "sha1-01Sy08HPEOvBj6eMEaKL3ZzhWA0="
    },
    "uglifycss": {
      "version": "0.0.29",
      "resolved": "https://registry.npmjs.org/uglifycss/-/uglifycss-0.0.29.tgz",
      "integrity": "sha512-J2SQ2QLjiknNGbNdScaNZsXgmMGI0kYNrXaDlr4obnPW9ni1jljb1NeEVWAiTgZ8z+EBWP2ozfT9vpy03rjlMQ=="
    }
  }
}
